
Microsoft Visual Studio Solution File, Format Version 12.00
# Visual Studio Version 17
VisualStudioVersion = 17.6.33712.159
MinimumVisualStudioVersion = 10.0.40219.1
Project("{FAE04EC0-301F-11D3-BF4B-00C04F79EFBC}") = "CatalogoBandas", "CatalogoBandas\CatalogoBandas.csproj", "{AB9DFAA9-58A6-4ED9-AB5A-BE2F6C8D93FB}"
EndProject
Global
	GlobalSection(SolutionConfigurationPlatforms) = preSolution
		Debug|Any CPU = Debug|Any CPU
		Release|Any CPU = Release|Any CPU
	EndGlobalSection
	GlobalSection(ProjectConfigurationPlatforms) = postSolution
		{AB9DFAA9-58A6-4ED9-AB5A-BE2F6C8D93FB}.Debug|Any CPU.ActiveCfg = Debug|Any CPU
		{AB9DFAA9-58A6-4ED9-AB5A-BE2F6C8D93FB}.Debug|Any CPU.Build.0 = Debug|Any CPU
		{AB9DFAA9-58A6-4ED9-AB5A-BE2F6C8D93FB}.Release|Any CPU.ActiveCfg = Release|Any CPU
		{AB9DFAA9-58A6-4ED9-AB5A-BE2F6C8D93FB}.Release|Any CPU.Build.0 = Release|Any CPU
	EndGlobalSection
	GlobalSection(SolutionProperties) = preSolution
		HideSolutionNode = FALSE
	EndGlobalSection
	GlobalSection(ExtensibilityGlobals) = postSolution
		SolutionGuid = {458E2ACB-BFEB-4BB3-B43C-F2ADD9B8F24F}
	EndGlobalSection
EndGlobal
